# This file is automatically @generated by Cargo.
# It is not intended for manual editing.
version = 4

[[package]]
name = "arguments"
version = "0.8.0"
source = "registry+https://github.com/rust-lang/crates.io-index"
checksum = "b1dedfacaa8ee909cfa2693bfdca45588a44e8d58f33e4c1a909ae33725d4569"
dependencies = [
 "options",
]

[[package]]
name = "cc"
version = "1.2.34"
source = "registry+https://github.com/rust-lang/crates.io-index"
checksum = "42bc4aea80032b7bf409b0bc7ccad88853858911b7713a8062fdc0623867bedc"
dependencies = [
 "shlex",
]

[[package]]
name = "libc"
version = "0.2.175"
source = "registry+https://github.com/rust-lang/crates.io-index"
checksum = "6a82ae493e598baaea5209805c49bbf2ea7de956d50d7da0da1164f9c6d28543"

[[package]]
name = "options"
version = "0.6.1"
source = "registry+https://github.com/rust-lang/crates.io-index"
checksum = "d5a278fb1f0032ff1e900372c513847cfe6019c15d96d20ace15a9f678a8441f"

[[package]]
name = "shlex"
version = "1.3.0"
source = "registry+https://github.com/rust-lang/crates.io-index"
checksum = "0fda2ff0d084019ba4d7c6f371c95d8fd75ce3524c3cb8fb653a3023f6323e64"

[[package]]
name = "woff"
version = "0.6.2"
dependencies = [
 "arguments",
 "cc",
 "libc",
]
